// !$*UTF8*$!
{
	archiveVersion = 1;
	classes = {
	};
	objectVersion = 48;
	objects = {

/* Begin PBXBuildFile section */
		D4BF7D8820335E0200B6B6AB /* AppDelegate.swift in Sources */ = {isa = PBXBuildFile; fileRef = D4BF7D8720335E0200B6B6AB /* AppDelegate.swift */; };
		D4BF7D8A20335E0200B6B6AB /* ViewController.swift in Sources */ = {isa = PBXBuildFile; fileRef = D4BF7D8920335E0200B6B6AB /* ViewController.swift */; };
		D4BF7D8D20335E0200B6B6AB /* Main.storyboard in Resources */ = {isa = PBXBuildFile; fileRef = D4BF7D8B20335E0200B6B6AB /* Main.storyboard */; };
		D4BF7D8F20335E0200B6B6AB /* Assets.xcassets in Resources */ = {isa = PBXBuildFile; fileRef = D4BF7D8E20335E0200B6B6AB /* Assets.xcassets */; };
		D4BF7D9220335E0200B6B6AB /* LaunchScreen.storyboard in Resources */ = {isa = PBXBuildFile; fileRef = D4BF7D9020335E0200B6B6AB /* LaunchScreen.storyboard */; };
		D4BF7D9D20335E0200B6B6AB /* QuizTests.swift in Sources */ = {isa = PBXBuildFile; fileRef = D4BF7D9C20335E0200B6B6AB /* QuizTests.swift */; };
		D4BF7DA820335E0200B6B6AB /* QuizUITests.swift in Sources */ = {isa = PBXBuildFile; fileRef = D4BF7DA720335E0200B6B6AB /* QuizUITests.swift */; };
/* End PBXBuildFile section */

/* Begin PBXContainerItemProxy section */
		D4BF7D9920335E0200B6B6AB /* PBXContainerItemProxy */ = {
			isa = PBXContainerItemProxy;
			containerPortal = D4BF7D7C20335E0200B6B6AB /* Project object */;
			proxyType = 1;
			remoteGlobalIDString = D4BF7D8320335E0200B6B6AB;
			remoteInfo = Quiz;
		};
		D4BF7DA420335E0200B6B6AB /* PBXContainerItemProxy */ = {
			isa = PBXContainerItemProxy;
			containerPortal = D4BF7D7C20335E0200B6B6AB /* Project object */;
			proxyType = 1;
			remoteGlobalIDString = D4BF7D8320335E0200B6B6AB;
			remoteInfo = Quiz;
		};
/* End PBXContainerItemProxy section */

/* Begin PBXFileReference section */
		D4BF7D8420335E0200B6B6AB /* Quiz.app */ = {isa = PBXFileReference; explicitFileType = wrapper.application; includeInIndex = 0; path = Quiz.app; sourceTree = BUILT_PRODUCTS_DIR; };
		D4BF7D8720335E0200B6B6AB /* AppDelegate.swift */ = {isa = PBXFileReference; lastKnownFileType = sourcecode.swift; path = AppDelegate.swift; sourceTree = "<group>"; };
		D4BF7D8920335E0200B6B6AB /* ViewController.swift */ = {isa = PBXFileReference; lastKnownFileType = sourcecode.swift; path = ViewController.swift; sourceTree = "<group>"; };
		D4BF7D8C20335E0200B6B6AB /* Base */ = {isa = PBXFileReference; lastKnownFileType = file.storyboard; name = Base; path = Base.lproj/Main.storyboard; sourceTree = "<group>"; };
		D4BF7D8E20335E0200B6B6AB /* Assets.xcassets */ = {isa = PBXFileReference; lastKnownFileType = folder.assetcatalog; path = Assets.xcassets; sourceTree = "<group>"; };
		D4BF7D9120335E0200B6B6AB /* Base */ = {isa = PBXFileReference; lastKnownFileType = file.storyboard; name = Base; path = Base.lproj/LaunchScreen.storyboard; sourceTree = "<group>"; };
		D4BF7D9320335E0200B6B6AB /* Info.plist */ = {isa = PBXFileReference; lastKnownFileType = text.plist.xml; path = Info.plist; sourceTree = "<group>"; };
		D4BF7D9820335E0200B6B6AB /* QuizTests.xctest */ = {isa = PBXFileReference; explicitFileType = wrapper.cfbundle; includeInIndex = 0; path = QuizTests.xctest; sourceTree = BUILT_PRODUCTS_DIR; };
		D4BF7D9C20335E0200B6B6AB /* QuizTests.swift */ = {isa = PBXFileReference; lastKnownFileType = sourcecode.swift; path = QuizTests.swift; sourceTree = "<group>"; };
		D4BF7D9E20335E0200B6B6AB /* Info.plist */ = {isa = PBXFileReference; lastKnownFileType = text.plist.xml; path = Info.plist; sourceTree = "<group>"; };
		D4BF7DA320335E0200B6B6AB /* QuizUITests.xctest */ = {isa = PBXFileReference; explicitFileType = wrapper.cfbundle; includeInIndex = 0; path = QuizUITests.xctest; sourceTree = BUILT_PRODUCTS_DIR; };
		D4BF7DA720335E0200B6B6AB /* QuizUITests.swift */ = {isa = PBXFileReference; lastKnownFileType = sourcecode.swift; path = QuizUITests.swift; sourceTree = "<group>"; };
		D4BF7DA920335E0200B6B6AB /* Info.plist */ = {isa = PBXFileReference; lastKnownFileType = text.plist.xml; path = Info.plist; sourceTree = "<group>"; };
/* End PBXFileReference section */

/* Begin PBXFrameworksBuildPhase section */
		D4BF7D8120335E0200B6B6AB /* Frameworks */ = {
			isa = PBXFrameworksBuildPhase;
			buildActionMask = 2147483647;
			files = (
			);
			runOnlyForDeploymentPostprocessing = 0;
		};
		D4BF7D9520335E0200B6B6AB /* Frameworks */ = {
			isa = PBXFrameworksBuildPhase;
			buildActionMask = 2147483647;
			files = (
			);
			runOnlyForDeploymentPostprocessing = 0;
		};
		D4BF7DA020335E0200B6B6AB /* Frameworks */ = {
			isa = PBXFrameworksBuildPhase;
			buildActionMask = 2147483647;
			files = (
			);
			runOnlyForDeploymentPostprocessing = 0;
		};
/* End PBXFrameworksBuildPhase section */

/* Begin PBXGroup section */
		D4BF7D7B20335E0200B6B6AB = {
			isa = PBXGroup;
			children = (
				D4BF7D8620335E0200B6B6AB /* Quiz */,
				D4BF7D9B20335E0200B6B6AB /* QuizTests */,
				D4BF7DA620335E0200B6B6AB /* QuizUITests */,
				D4BF7D8520335E0200B6B6AB /* Products */,
			);
			sourceTree = "<group>";
		};
		D4BF7D8520335E0200B6B6AB /* Products */ = {
			isa = PBXGroup;
			children = (
				D4BF7D8420335E0200B6B6AB /* Quiz.app */,
				D4BF7D9820335E0200B6B6AB /* QuizTests.xctest */,
				D4BF7DA320335E0200B6B6AB /* QuizUITests.xctest */,
			);
			name = Products;
			sourceTree = "<group>";
		};
		D4BF7D8620335E0200B6B6AB /* Quiz */ = {
			isa = PBXGroup;
			children = (
				D4BF7D8720335E0200B6B6AB /* AppDelegate.swift */,
				D4BF7D8920335E0200B6B6AB /* ViewController.swift */,
				D4BF7D8B20335E0200B6B6AB /* Main.storyboard */,
				D4BF7D8E20335E0200B6B6AB /* Assets.xcassets */,
				D4BF7D9020335E0200B6B6AB /* LaunchScreen.storyboard */,
				D4BF7D9320335E0200B6B6AB /* Info.plist */,
			);
			path = Quiz;
			sourceTree = "<group>";
		};
		D4BF7D9B20335E0200B6B6AB /* QuizTests */ = {
			isa = PBXGroup;
			children = (
				D4BF7D9C20335E0200B6B6AB /* QuizTests.swift */,
				D4BF7D9E20335E0200B6B6AB /* Info.plist */,
			);
			path = QuizTests;
			sourceTree = "<group>";
		};
		D4BF7DA620335E0200B6B6AB /* QuizUITests */ = {
			isa = PBXGroup;
			children = (
				D4BF7DA720335E0200B6B6AB /* QuizUITests.swift */,
				D4BF7DA920335E0200B6B6AB /* Info.plist */,
			);
			path = QuizUITests;
			sourceTree = "<group>";
		};
/* End PBXGroup section */

/* Begin PBXNativeTarget section */
		D4BF7D8320335E0200B6B6AB /* Quiz */ = {
			isa = PBXNativeTarget;
			buildConfigurationList = D4BF7DAC20335E0200B6B6AB /* Build configuration list for PBXNativeTarget "Quiz" */;
			buildPhases = (
				D4BF7D8020335E0200B6B6AB /* Sources */,
				D4BF7D8120335E0200B6B6AB /* Frameworks */,
				D4BF7D8220335E0200B6B6AB /* Resources */,
			);
			buildRules = (
			);
			dependencies = (
			);
			name = Quiz;
			productName = Quiz;
			productReference = D4BF7D8420335E0200B6B6AB /* Quiz.app */;
			productType = "com.apple.product-type.application";
		};
		D4BF7D9720335E0200B6B6AB /* QuizTests */ = {
			isa = PBXNativeTarget;
			buildConfigurationList = D4BF7DAF20335E0200B6B6AB /* Build configuration list for PBXNativeTarget "QuizTests" */;
			buildPhases = (
				D4BF7D9420335E0200B6B6AB /* Sources */,
				D4BF7D9520335E0200B6B6AB /* Frameworks */,
				D4BF7D9620335E0200B6B6AB /* Resources */,
			);
			buildRules = (
			);
			dependencies = (
				D4BF7D9A20335E0200B6B6AB /* PBXTargetDependency */,
			);
			name = QuizTests;
			productName = QuizTests;
			productReference = D4BF7D9820335E0200B6B6AB /* QuizTests.xctest */;
			productType = "com.apple.product-type.bundle.unit-test";
		};
		D4BF7DA220335E0200B6B6AB /* QuizUITests */ = {
			isa = PBXNativeTarget;
			buildConfigurationList = D4BF7DB220335E0200B6B6AB /* Build configuration list for PBXNativeTarget "QuizUITests" */;
			buildPhases = (
				D4BF7D9F20335E0200B6B6AB /* Sources */,
				D4BF7DA020335E0200B6B6AB /* Frameworks */,
				D4BF7DA120335E0200B6B6AB /* Resources */,
			);
			buildRules = (
			);
			dependencies = (
				D4BF7DA520335E0200B6B6AB /* PBXTargetDependency */,
			);
			name = QuizUITests;
			productName = QuizUITests;
			productReference = D4BF7DA320335E0200B6B6AB /* QuizUITests.xctest */;
			productType = "com.apple.product-type.bundle.ui-testing";
		};
/* End PBXNativeTarget section */

/* Begin PBXProject section */
		D4BF7D7C20335E0200B6B6AB /* Project object */ = {
			isa = PBXProject;
			attributes = {
				LastSwiftUpdateCheck = 0920;
				LastUpgradeCheck = 0920;
				ORGANIZATIONNAME = "Mohamed Sobhi Fouda";
				TargetAttributes = {
					D4BF7D8320335E0200B6B6AB = {
						CreatedOnToolsVersion = 9.2;
						ProvisioningStyle = Automatic;
					};
					D4BF7D9720335E0200B6B6AB = {
						CreatedOnToolsVersion = 9.2;
						ProvisioningStyle = Automatic;
						TestTargetID = D4BF7D8320335E0200B6B6AB;
					};
					D4BF7DA220335E0200B6B6AB = {
						CreatedOnToolsVersion = 9.2;
						ProvisioningStyle = Automatic;
						TestTargetID = D4BF7D8320335E0200B6B6AB;
					};
				};
			};
			buildConfigurationList = D4BF7D7F20335E0200B6B6AB /* Build configuration list for PBXProject "Quiz" */;
			compatibilityVersion = "Xcode 8.0";
			developmentRegion = en;
			hasScannedForEncodings = 0;
			knownRegions = (
				en,
				Base,
			);
			mainGroup = D4BF7D7B20335E0200B6B6AB;
			productRefGroup = D4BF7D8520335E0200B6B6AB /* Products */;
			projectDirPath = "";
			projectRoot = "";
			targets = (
				D4BF7D8320335E0200B6B6AB /* Quiz */,
				D4BF7D9720335E0200B6B6AB /* QuizTests */,
				D4BF7DA220335E0200B6B6AB /* QuizUITests */,
			);
		};
/* End PBXProject section */

/* Begin PBXResourcesBuildPhase section */
		D4BF7D8220335E0200B6B6AB /* Resources */ = {
			isa = PBXResourcesBuildPhase;
			buildActionMask = 2147483647;
			files = (
				D4BF7D9220335E0200B6B6AB /* LaunchScreen.storyboard in Resources */,
				D4BF7D8F20335E0200B6B6AB /* Assets.xcassets in Resources */,
				D4BF7D8D20335E0200B6B6AB /* Main.storyboard in Resources */,
			);
			runOnlyForDeploymentPostprocessing = 0;
		};
		D4BF7D9620335E0200B6B6AB /* Resources */ = {
			isa = PBXResourcesBuildPhase;
			buildActionMask = 2147483647;
			files = (
			);
			runOnlyForDeploymentPostprocessing = 0;
		};
		D4BF7DA120335E0200B6B6AB /* Resources */ = {
			isa = PBXResourcesBuildPhase;
			buildActionMask = 2147483647;
			files = (
			);
			runOnlyForDeploymentPostprocessing = 0;
		};
/* End PBXResourcesBuildPhase section */

/* Begin PBXSourcesBuildPhase section */
		D4BF7D8020335E0200B6B6AB /* Sources */ = {
			isa = PBXSourcesBuildPhase;
			buildActionMask = 2147483647;
			files = (
				D4BF7D8A20335E0200B6B6AB /* ViewController.swift in Sources */,
				D4BF7D8820335E0200B6B6AB /* AppDelegate.swift in Sources */,
			);
			runOnlyForDeploymentPostprocessing = 0;
		};
		D4BF7D9420335E0200B6B6AB /* Sources */ = {
			isa = PBXSourcesBuildPhase;
			buildActionMask = 2147483647;
			files = (
				D4BF7D9D20335E0200B6B6AB /* QuizTests.swift in Sources */,
			);
			runOnlyForDeploymentPostprocessing = 0;
		};
		D4BF7D9F20335E0200B6B6AB /* Sources */ = {
			isa = PBXSourcesBuildPhase;
			buildActionMask = 2147483647;
			files = (
				D4BF7DA820335E0200B6B6AB /* QuizUITests.swift in Sources */,
			);
			runOnlyForDeploymentPostprocessing = 0;
		};
/* End PBXSourcesBuildPhase section */

/* Begin PBXTargetDependency section */
		D4BF7D9A20335E0200B6B6AB /* PBXTargetDependency */ = {
			isa = PBXTargetDependency;
			target = D4BF7D8320335E0200B6B6AB /* Quiz */;
			targetProxy = D4BF7D9920335E0200B6B6AB /* PBXContainerItemProxy */;
		};
		D4BF7DA520335E0200B6B6AB /* PBXTargetDependency */ = {
			isa = PBXTargetDependency;
			target = D4BF7D8320335E0200B6B6AB /* Quiz */;
			targetProxy = D4BF7DA420335E0200B6B6AB /* PBXContainerItemProxy */;
		};
/* End PBXTargetDependency section */

/* Begin PBXVariantGroup section */
		D4BF7D8B20335E0200B6B6AB /* Main.storyboard */ = {
			isa = PBXVariantGroup;
			children = (
				D4BF7D8C20335E0200B6B6AB /* Base */,
			);
			name = Main.storyboard;
			sourceTree = "<group>";
		};
		D4BF7D9020335E0200B6B6AB /* LaunchScreen.storyboard */ = {
			isa = PBXVariantGroup;
			children = (
				D4BF7D9120335E0200B6B6AB /* Base */,
			);
			name = LaunchScreen.storyboard;
			sourceTree = "<group>";
		};
/* End PBXVariantGroup section */

/* Begin XCBuildConfiguration section */
		D4BF7DAA20335E0200B6B6AB /* Debug */ = {
			isa = XCBuildConfiguration;
			buildSettings = {
				ALWAYS_SEARCH_USER_PATHS = NO;
				CLANG_ANALYZER_NONNULL = YES;
				CLANG_ANALYZER_NUMBER_OBJECT_CONVERSION = YES_AGGRESSIVE;
				CLANG_CXX_LANGUAGE_STANDARD = "gnu++14";
				CLANG_CXX_LIBRARY = "libc++";
				CLANG_ENABLE_MODULES = YES;
				CLANG_ENABLE_OBJC_ARC = YES;
				CLANG_WARN_BLOCK_CAPTURE_AUTORELEASING = YES;
				CLANG_WARN_BOOL_CONVERSION = YES;
				CLANG_WARN_COMMA = YES;
				CLANG_WARN_CONSTANT_CONVERSION = YES;
				CLANG_WARN_DIRECT_OBJC_ISA_USAGE = YES_ERROR;
				CLANG_WARN_DOCUMENTATION_COMMENTS = YES;
				CLANG_WARN_EMPTY_BODY = YES;
				CLANG_WARN_ENUM_CONVERSION = YES;
				CLANG_WARN_INFINITE_RECURSION = YES;
				CLANG_WARN_INT_CONVERSION = YES;
				CLANG_WARN_NON_LITERAL_NULL_CONVERSION = YES;
				CLANG_WARN_OBJC_LITERAL_CONVERSION = YES;
				CLANG_WARN_OBJC_ROOT_CLASS = YES_ERROR;
				CLANG_WARN_RANGE_LOOP_ANALYSIS = YES;
				CLANG_WARN_STRICT_PROTOTYPES = YES;
				CLANG_WARN_SUSPICIOUS_MOVE = YES;
				CLANG_WARN_UNGUARDED_AVAILABILITY = YES_AGGRESSIVE;
				CLANG_WARN_UNREACHABLE_CODE = YES;
				CLANG_WARN__DUPLICATE_METHOD_MATCH = YES;
				CODE_SIGN_IDENTITY = "iPhone Developer";
				COPY_PHASE_STRIP = NO;
				DEBUG_INFORMATION_FORMAT = dwarf;
				ENABLE_STRICT_OBJC_MSGSEND = YES;
				ENABLE_TESTABILITY = YES;
				GCC_C_LANGUAGE_STANDARD = gnu11;
				GCC_DYNAMIC_NO_PIC = NO;
				GCC_NO_COMMON_BLOCKS = YES;
				GCC_OPTIMIZATION_LEVEL = 0;
				GCC_PREPROCESSOR_DEFINITIONS = (
					"DEBUG=1",
					"$(inherited)",
				);
				GCC_WARN_64_TO_32_BIT_CONVERSION = YES;
				GCC_WARN_ABOUT_RETURN_TYPE = YES_ERROR;
				GCC_WARN_UNDECLARED_SELECTOR = YES;
				GCC_WARN_UNINITIALIZED_AUTOS = YES_AGGRESSIVE;
				GCC_WARN_UNUSED_FUNCTION = YES;
				GCC_WARN_UNUSED_VARIABLE = YES;
				IPHONEOS_DEPLOYMENT_TARGET = 11.2;
				MTL_ENABLE_DEBUG_INFO = YES;
				ONLY_ACTIVE_ARCH = YES;
				SDKROOT = iphoneos;
				SWIFT_ACTIVE_COMPILATION_CONDITIONS = DEBUG;
				SWIFT_OPTIMIZATION_LEVEL = "-Onone";
			};
			name = Debug;
		};
		D4BF7DAB20335E0200B6B6AB /* Release */ = {
			isa = XCBuildConfiguration;
			buildSettings = {
				ALWAYS_SEARCH_USER_PATHS = NO;
				CLANG_ANALYZER_NONNULL = YES;
				CLANG_ANALYZER_NUMBER_OBJECT_CONVERSION = YES_AGGRESSIVE;
				CLANG_CXX_LANGUAGE_STANDARD = "gnu++14";
				CLANG_CXX_LIBRARY = "libc++";
				CLANG_ENABLE_MODULES = YES;
				CLANG_ENABLE_OBJC_ARC = YES;
				CLANG_WARN_BLOCK_CAPTURE_AUTORELEASING = YES;
				CLANG_WARN_BOOL_CONVERSION = YES;
				CLANG_WARN_COMMA = YES;
				CLANG_WARN_CONSTANT_CONVERSION = YES;
				CLANG_WARN_DIRECT_OBJC_ISA_USAGE = YES_ERROR;
				CLANG_WARN_DOCUMENTATION_COMMENTS = YES;
				CLANG_WARN_EMPTY_BODY = YES;
				CLANG_WARN_ENUM_CONVERSION = YES;
				CLANG_WARN_INFINITE_RECURSION = YES;
				CLANG_WARN_INT_CONVERSION = YES;
				CLANG_WARN_NON_LITERAL_NULL_CONVERSION = YES;
				CLANG_WARN_OBJC_LITERAL_CONVERSION = YES;
				CLANG_WARN_OBJC_ROOT_CLASS = YES_ERROR;
				CLANG_WARN_RANGE_LOOP_ANALYSIS = YES;
				CLANG_WARN_STRICT_PROTOTYPES = YES;
				CLANG_WARN_SUSPICIOUS_MOVE = YES;
				CLANG_WARN_UNGUARDED_AVAILABILITY = YES_AGGRESSIVE;
				CLANG_WARN_UNREACHABLE_CODE = YES;
				CLANG_WARN__DUPLICATE_METHOD_MATCH = YES;
				CODE_SIGN_IDENTITY = "iPhone Developer";
				COPY_PHASE_STRIP = NO;
				DEBUG_INFORMATION_FORMAT = "dwarf-with-dsym";
				ENABLE_NS_ASSERTIONS = NO;
				ENABLE_STRICT_OBJC_MSGSEND = YES;
				GCC_C_LANGUAGE_STANDARD = gnu11;
				GCC_NO_COMMON_BLOCKS = YES;
				GCC_WARN_64_TO_32_BIT_CONVERSION = YES;
				GCC_WARN_ABOUT_RETURN_TYPE = YES_ERROR;
				GCC_WARN_UNDECLARED_SELECTOR = YES;
				GCC_WARN_UNINITIALIZED_AUTOS = YES_AGGRESSIVE;
				GCC_WARN_UNUSED_FUNCTION = YES;
				GCC_WARN_UNUSED_VARIABLE = YES;
				IPHONEOS_DEPLOYMENT_TARGET = 11.2;
				MTL_ENABLE_DEBUG_INFO = NO;
				SDKROOT = iphoneos;
				SWIFT_OPTIMIZATION_LEVEL = "-Owholemodule";
				VALIDATE_PRODUCT = YES;
			};
			name = Release;
		};
		D4BF7DAD20335E0200B6B6AB /* Debug */ = {
			isa = XCBuildConfiguration;
			buildSettings = {
				ASSETCATALOG_COMPILER_APPICON_NAME = AppIcon;
				CODE_SIGN_STYLE = Automatic;
				INFOPLIST_FILE = Quiz/Info.plist;
				LD_RUNPATH_SEARCH_PATHS = "$(inherited) @executable_path/Frameworks";
				PRODUCT_BUNDLE_IDENTIFIER = msf.Quiz;
				PRODUCT_NAME = "$(TARGET_NAME)";
				SWIFT_VERSION = 4.0;
				TARGETED_DEVICE_FAMILY = "1,2";
			};
			name = Debug;
		};
		D4BF7DAE20335E0200B6B6AB /* Release */ = {
			isa = XCBuildConfiguration;
			buildSettings = {
				ASSETCATALOG_COMPILER_APPICON_NAME = AppIcon;
				CODE_SIGN_STYLE = Automatic;
				INFOPLIST_FILE = Quiz/Info.plist;
				LD_RUNPATH_SEARCH_PATHS = "$(inherited) @executable_path/Frameworks";
				PRODUCT_BUNDLE_IDENTIFIER = msf.Quiz;
				PRODUCT_NAME = "$(TARGET_NAME)";
				SWIFT_VERSION = 4.0;
				TARGETED_DEVICE_FAMILY = "1,2";
			};
			name = Release;
		};
		D4BF7DB020335E0200B6B6AB /* Debug */ = {
			isa = XCBuildConfiguration;
			buildSettings = {
				ALWAYS_EMBED_SWIFT_STANDARD_LIBRARIES = YES;
				BUNDLE_LOADER = "$(TEST_HOST)";
				CODE_SIGN_STYLE = Automatic;
				INFOPLIST_FILE = QuizTests/Info.plist;
				LD_RUNPATH_SEARCH_PATHS = "$(inherited) @executable_path/Frameworks @loader_path/Frameworks";
				PRODUCT_BUNDLE_IDENTIFIER = msf.QuizTests;
				PRODUCT_NAME = "$(TARGET_NAME)";
				SWIFT_VERSION = 4.0;
				TARGETED_DEVICE_FAMILY = "1,2";
				TEST_HOST = "$(BUILT_PRODUCTS_DIR)/Quiz.app/Quiz";
			};
			name = Debug;
		};
		D4BF7DB120335E0200B6B6AB /* Release */ = {
			isa = XCBuildConfiguration;
			buildSettings = {
				ALWAYS_EMBED_SWIFT_STANDARD_LIBRARIES = YES;
				BUNDLE_LOADER = "$(TEST_HOST)";
				CODE_SIGN_STYLE = Automatic;
				INFOPLIST_FILE = QuizTests/Info.plist;
				LD_RUNPATH_SEARCH_PATHS = "$(inherited) @executable_path/Frameworks @loader_path/Frameworks";
				PRODUCT_BUNDLE_IDENTIFIER = msf.QuizTests;
				PRODUCT_NAME = "$(TARGET_NAME)";
				SWIFT_VERSION = 4.0;
				TARGETED_DEVICE_FAMILY = "1,2";
				TEST_HOST = "$(BUILT_PRODUCTS_DIR)/Quiz.app/Quiz";
			};
			name = Release;
		};
		D4BF7DB320335E0200B6B6AB /* Debug */ = {
			isa = XCBuildConfiguration;
			buildSettings = {
				ALWAYS_EMBED_SWIFT_STANDARD_LIBRARIES = YES;
				CODE_SIGN_STYLE = Automatic;
				INFOPLIST_FILE = QuizUITests/Info.plist;
				LD_RUNPATH_SEARCH_PATHS = "$(inherited) @executable_path/Frameworks @loader_path/Frameworks";
				PRODUCT_BUNDLE_IDENTIFIER = msf.QuizUITests;
				PRODUCT_NAME = "$(TARGET_NAME)";
				SWIFT_VERSION = 4.0;
				TARGETED_DEVICE_FAMILY = "1,2";
				TEST_TARGET_NAME = Quiz;
			};
			name = Debug;
		};
		D4BF7DB420335E0200B6B6AB /* Release */ = {
			isa = XCBuildConfiguration;
			buildSettings = {
				ALWAYS_EMBED_SWIFT_STANDARD_LIBRARIES = YES;
				CODE_SIGN_STYLE = Automatic;
				INFOPLIST_FILE = QuizUITests/Info.plist;
				LD_RUNPATH_SEARCH_PATHS = "$(inherited) @executable_path/Frameworks @loader_path/Frameworks";
				PRODUCT_BUNDLE_IDENTIFIER = msf.QuizUITests;
				PRODUCT_NAME = "$(TARGET_NAME)";
				SWIFT_VERSION = 4.0;
				TARGETED_DEVICE_FAMILY = "1,2";
				TEST_TARGET_NAME = Quiz;
			};
			name = Release;
		};
/* End XCBuildConfiguration section */

/* Begin XCConfigurationList section */
		D4BF7D7F20335E0200B6B6AB /* Build configuration list for PBXProject "Quiz" */ = {
			isa = XCConfigurationList;
			buildConfigurations = (
				D4BF7DAA20335E0200B6B6AB /* Debug */,
				D4BF7DAB20335E0200B6B6AB /* Release */,
			);
			defaultConfigurationIsVisible = 0;
			defaultConfigurationName = Release;
		};
		D4BF7DAC20335E0200B6B6AB /* Build configuration list for PBXNativeTarget "Quiz" */ = {
			isa = XCConfigurationList;
			buildConfigurations = (
				D4BF7DAD20335E0200B6B6AB /* Debug */,
				D4BF7DAE20335E0200B6B6AB /* Release */,
			);
			defaultConfigurationIsVisible = 0;
			defaultConfigurationName = Release;
		};
		D4BF7DAF20335E0200B6B6AB /* Build configuration list for PBXNativeTarget "QuizTests" */ = {
			isa = XCConfigurationList;
			buildConfigurations = (
				D4BF7DB020335E0200B6B6AB /* Debug */,
				D4BF7DB120335E0200B6B6AB /* Release */,
			);
			defaultConfigurationIsVisible = 0;
			defaultConfigurationName = Release;
		};
		D4BF7DB220335E0200B6B6AB /* Build configuration list for PBXNativeTarget "QuizUITests" */ = {
			isa = XCConfigurationList;
			buildConfigurations = (
				D4BF7DB320335E0200B6B6AB /* Debug */,
				D4BF7DB420335E0200B6B6AB /* Release */,
			);
			defaultConfigurationIsVisible = 0;
			defaultConfigurationName = Release;
		};
/* End XCConfigurationList section */
	};
	rootObject = D4BF7D7C20335E0200B6B6AB /* Project object */;
}
